
Microsoft Visual Studio Solution File, Format Version 12.00
# Visual Studio Version 17
VisualStudioVersion = 17.7.34031.279
MinimumVisualStudioVersion = 10.0.40219.1
Project("{FAE04EC0-301F-11D3-BF4B-00C04F79EFBC}") = "laba_Mathots", "laba_Mathots.csproj", "{0123D62C-25FC-46EB-99BF-E9EABFA3C2A1}"
EndProject
Global
	GlobalSection(SolutionConfigurationPlatforms) = preSolution
		Debug|Any CPU = Debug|Any CPU
		Release|Any CPU = Release|Any CPU
	EndGlobalSection
	GlobalSection(ProjectConfigurationPlatforms) = postSolution
		{0123D62C-25FC-46EB-99BF-E9EABFA3C2A1}.Debug|Any CPU.ActiveCfg = Debug|Any CPU
		{0123D62C-25FC-46EB-99BF-E9EABFA3C2A1}.Debug|Any CPU.Build.0 = Debug|Any CPU
		{0123D62C-25FC-46EB-99BF-E9EABFA3C2A1}.Release|Any CPU.ActiveCfg = Release|Any CPU
		{0123D62C-25FC-46EB-99BF-E9EABFA3C2A1}.Release|Any CPU.Build.0 = Release|Any CPU
	EndGlobalSection
	GlobalSection(SolutionProperties) = preSolution
		HideSolutionNode = FALSE
	EndGlobalSection
	GlobalSection(ExtensibilityGlobals) = postSolution
		SolutionGuid = {8B70262C-DB49-4E72-94C6-EA5DDC178D03}
	EndGlobalSection
EndGlobal
